<?xml version="1.0" encoding="utf-8"?>
<Project ToolsVersion="4.0" xmlns="http://schemas.microsoft.com/developer/msbuild/2003">
  <ItemGroup>
    <Filter Include="Chimera">
      <UniqueIdentifier>{3E947F23-AA73-FEBE-B38B-89951FEA6420}</UniqueIdentifier>
    </Filter>
    <Filter Include="Chimera\Events">
      <UniqueIdentifier>{624E1871-4E1C-0C77-37B0-7C9D231DE8DB}</UniqueIdentifier>
    </Filter>
    <Filter Include="Chimera\ImGui">
      <UniqueIdentifier>{E8BF8149-5480-FD7F-1DBB-46FD893A425C}</UniqueIdentifier>
    </Filter>
    <Filter Include="Platform">
      <UniqueIdentifier>{2AC788B4-1694-E3BF-3FAD-D1672BD9184E}</UniqueIdentifier>
    </Filter>
    <Filter Include="Platform\Windows">
      <UniqueIdentifier>{64FBD71A-50F4-F66C-7926-DCF1657ED678}</UniqueIdentifier>
    </Filter>
  </ItemGroup>
  <ItemGroup>
    <ClInclude Include="src\Chimera.h" />
    <ClInclude Include="src\Chimera\Application.h">
      <Filter>Chimera</Filter>
    </ClInclude>
    <ClInclude Include="src\Chimera\Core.h">
      <Filter>Chimera</Filter>
    </ClInclude>
    <ClInclude Include="src\Chimera\EntryPoint.h">
      <Filter>Chimera</Filter>
    </ClInclude>
    <ClInclude Include="src\Chimera\Events\ApplicationEvent.h">
      <Filter>Chimera\Events</Filter>
    </ClInclude>
    <ClInclude Include="src\Chimera\Events\Event.h">
      <Filter>Chimera\Events</Filter>
    </ClInclude>
    <ClInclude Include="src\Chimera\Events\KeyEvent.h">
      <Filter>Chimera\Events</Filter>
    </ClInclude>
    <ClInclude Include="src\Chimera\Events\MouseEvent.h">
      <Filter>Chimera\Events</Filter>
    </ClInclude>
    <ClInclude Include="src\Chimera\ImGui\ImGuiLayer.h">
      <Filter>Chimera\ImGui</Filter>
    </ClInclude>
    <ClInclude Include="src\Chimera\Input.h">
      <Filter>Chimera</Filter>
    </ClInclude>
    <ClInclude Include="src\Chimera\Keycodes.h">
      <Filter>Chimera</Filter>
    </ClInclude>
    <ClInclude Include="src\Chimera\Layer.h">
      <Filter>Chimera</Filter>
    </ClInclude>
    <ClInclude Include="src\Chimera\LayerStack.h">
      <Filter>Chimera</Filter>
    </ClInclude>
    <ClInclude Include="src\Chimera\Log.h">
      <Filter>Chimera</Filter>
    </ClInclude>
    <ClInclude Include="src\Chimera\MouseButtonCodes.h">
      <Filter>Chimera</Filter>
    </ClInclude>
    <ClInclude Include="src\Chimera\Window.h">
      <Filter>Chimera</Filter>
    </ClInclude>
    <ClInclude Include="src\Platform\Windows\WindowsInput.h">
      <Filter>Platform\Windows</Filter>
    </ClInclude>
    <ClInclude Include="src\Platform\Windows\WindowsWindow.h">
      <Filter>Platform\Windows</Filter>
    </ClInclude>
    <ClInclude Include="src\cmpch.h" />
    <ClInclude Include="src\Chimera\Renderer\GraphicsContext.h" />
    <ClInclude Include="src\Platform\OpenGL\OpenGLContext.h" />
  </ItemGroup>
  <ItemGroup>
    <ClCompile Include="src\Chimera\Application.cpp">
      <Filter>Chimera</Filter>
    </ClCompile>
    <ClCompile Include="src\Chimera\ImGui\ImGuiBuild.cpp">
      <Filter>Chimera\ImGui</Filter>
    </ClCompile>
    <ClCompile Include="src\Chimera\ImGui\ImGuiLayer.cpp">
      <Filter>Chimera\ImGui</Filter>
    </ClCompile>
    <ClCompile Include="src\Chimera\Layer.cpp">
      <Filter>Chimera</Filter>
    </ClCompile>
    <ClCompile Include="src\Chimera\LayerStack.cpp">
      <Filter>Chimera</Filter>
    </ClCompile>
    <ClCompile Include="src\Chimera\Log.cpp">
      <Filter>Chimera</Filter>
    </ClCompile>
    <ClCompile Include="src\Platform\Windows\WindowsInput.cpp">
      <Filter>Platform\Windows</Filter>
    </ClCompile>
    <ClCompile Include="src\Platform\Windows\WindowsWindow.cpp">
      <Filter>Platform\Windows</Filter>
    </ClCompile>
    <ClCompile Include="src\cmpch.cpp" />
    <ClCompile Include="src\Platform\OpenGL\OpenGLContext.cpp" />
  </ItemGroup>
</Project>